// !$*UTF8*$!
{
	archiveVersion = 1;
	classes = {
	};
	objectVersion = 50;
	objects = {

/* Begin PBXBuildFile section */
		08292E7C22F84A0C005C054B /* AppDelegate.swift in Sources */ = {isa = PBXBuildFile; fileRef = 08292E7B22F84A0C005C054B /* AppDelegate.swift */; };
		08292E7E22F84A0C005C054B /* ViewController.swift in Sources */ = {isa = PBXBuildFile; fileRef = 08292E7D22F84A0C005C054B /* ViewController.swift */; };
		08292E8122F84A0C005C054B /* Main.storyboard in Resources */ = {isa = PBXBuildFile; fileRef = 08292E7F22F84A0C005C054B /* Main.storyboard */; };
		08292E8322F84A0D005C054B /* Assets.xcassets in Resources */ = {isa = PBXBuildFile; fileRef = 08292E8222F84A0D005C054B /* Assets.xcassets */; };
		08292E8622F84A0D005C054B /* LaunchScreen.storyboard in Resources */ = {isa = PBXBuildFile; fileRef = 08292E8422F84A0D005C054B /* LaunchScreen.storyboard */; };
		08292E9222F84F72005C054B /* PositionViewController.swift in Sources */ = {isa = PBXBuildFile; fileRef = 08292E8D22F84F72005C054B /* PositionViewController.swift */; };
		08292E9322F84F72005C054B /* SportViewController.swift in Sources */ = {isa = PBXBuildFile; fileRef = 08292E8E22F84F72005C054B /* SportViewController.swift */; };
		08292E9422F84F72005C054B /* StaticMember.swift in Sources */ = {isa = PBXBuildFile; fileRef = 08292E8F22F84F72005C054B /* StaticMember.swift */; };
		08292E9522F84F72005C054B /* LoginViewController.swift in Sources */ = {isa = PBXBuildFile; fileRef = 08292E9022F84F72005C054B /* LoginViewController.swift */; };
		08292E9622F84F72005C054B /* FenceViewController.swift in Sources */ = {isa = PBXBuildFile; fileRef = 08292E9122F84F72005C054B /* FenceViewController.swift */; };
		08292EA622F854A6005C054B /* SwiftSocket.framework in Frameworks */ = {isa = PBXBuildFile; fileRef = 08292E9F22F85442005C054B /* SwiftSocket.framework */; };
		08292EA722F854A6005C054B /* SwiftSocket.framework in Embed Frameworks */ = {isa = PBXBuildFile; fileRef = 08292E9F22F85442005C054B /* SwiftSocket.framework */; settings = {ATTRIBUTES = (CodeSignOnCopy, RemoveHeadersOnCopy, ); }; };
		08292EAC22F86ED3005C054B /* PetLocationService.swift in Sources */ = {isa = PBXBuildFile; fileRef = 08292EAB22F86ED3005C054B /* PetLocationService.swift */; };
/* End PBXBuildFile section */

/* Begin PBXContainerItemProxy section */
		08292E9E22F85442005C054B /* PBXContainerItemProxy */ = {
			isa = PBXContainerItemProxy;
			containerPortal = 08292E9722F85441005C054B /* SwiftSocket.xcodeproj */;
			proxyType = 2;
			remoteGlobalIDString = 377DAA691DCDE40200009697;
			remoteInfo = "SwiftSocket iOS";
		};
		08292EA022F85442005C054B /* PBXContainerItemProxy */ = {
			isa = PBXContainerItemProxy;
			containerPortal = 08292E9722F85441005C054B /* SwiftSocket.xcodeproj */;
			proxyType = 2;
			remoteGlobalIDString = 377DAA761DCDE45D00009697;
			remoteInfo = "SwiftSocket macOS";
		};
		08292EA222F85442005C054B /* PBXContainerItemProxy */ = {
			isa = PBXContainerItemProxy;
			containerPortal = 08292E9722F85441005C054B /* SwiftSocket.xcodeproj */;
			proxyType = 2;
			remoteGlobalIDString = 37454ECA1E06158200800AE5;
			remoteInfo = "SwiftSocket tvOS";
		};
		08292EA422F85442005C054B /* PBXContainerItemProxy */ = {
			isa = PBXContainerItemProxy;
			containerPortal = 08292E9722F85441005C054B /* SwiftSocket.xcodeproj */;
			proxyType = 2;
			remoteGlobalIDString = 375C482D1DDC4C56008C701D;
			remoteInfo = "iOS Example";
		};
		08292EA822F854A6005C054B /* PBXContainerItemProxy */ = {
			isa = PBXContainerItemProxy;
			containerPortal = 08292E9722F85441005C054B /* SwiftSocket.xcodeproj */;
			proxyType = 1;
			remoteGlobalIDString = 377DAA681DCDE40200009697;
			remoteInfo = "SwiftSocket iOS";
		};
/* End PBXContainerItemProxy section */

/* Begin PBXCopyFilesBuildPhase section */
		08292EAA22F854A6005C054B /* Embed Frameworks */ = {
			isa = PBXCopyFilesBuildPhase;
			buildActionMask = 2147483647;
			dstPath = "";
			dstSubfolderSpec = 10;
			files = (
				08292EA722F854A6005C054B /* SwiftSocket.framework in Embed Frameworks */,
			);
			name = "Embed Frameworks";
			runOnlyForDeploymentPostprocessing = 0;
		};
/* End PBXCopyFilesBuildPhase section */

/* Begin PBXFileReference section */
		08292E7822F84A0B005C054B /* PetAssistant.app */ = {isa = PBXFileReference; explicitFileType = wrapper.application; includeInIndex = 0; path = PetAssistant.app; sourceTree = BUILT_PRODUCTS_DIR; };
		08292E7B22F84A0C005C054B /* AppDelegate.swift */ = {isa = PBXFileReference; lastKnownFileType = sourcecode.swift; path = AppDelegate.swift; sourceTree = "<group>"; };
		08292E7D22F84A0C005C054B /* ViewController.swift */ = {isa = PBXFileReference; lastKnownFileType = sourcecode.swift; path = ViewController.swift; sourceTree = "<group>"; };
		08292E8022F84A0C005C054B /* Base */ = {isa = PBXFileReference; lastKnownFileType = file.storyboard; name = Base; path = Base.lproj/Main.storyboard; sourceTree = "<group>"; };
		08292E8222F84A0D005C054B /* Assets.xcassets */ = {isa = PBXFileReference; lastKnownFileType = folder.assetcatalog; path = Assets.xcassets; sourceTree = "<group>"; };
		08292E8522F84A0D005C054B /* Base */ = {isa = PBXFileReference; lastKnownFileType = file.storyboard; name = Base; path = Base.lproj/LaunchScreen.storyboard; sourceTree = "<group>"; };
		08292E8722F84A0D005C054B /* Info.plist */ = {isa = PBXFileReference; lastKnownFileType = text.plist.xml; path = Info.plist; sourceTree = "<group>"; };
		08292E8D22F84F72005C054B /* PositionViewController.swift */ = {isa = PBXFileReference; fileEncoding = 4; lastKnownFileType = sourcecode.swift; path = PositionViewController.swift; sourceTree = "<group>"; };
		08292E8E22F84F72005C054B /* SportViewController.swift */ = {isa = PBXFileReference; fileEncoding = 4; lastKnownFileType = sourcecode.swift; path = SportViewController.swift; sourceTree = "<group>"; };
		08292E8F22F84F72005C054B /* StaticMember.swift */ = {isa = PBXFileReference; fileEncoding = 4; lastKnownFileType = sourcecode.swift; path = StaticMember.swift; sourceTree = "<group>"; };
		08292E9022F84F72005C054B /* LoginViewController.swift */ = {isa = PBXFileReference; fileEncoding = 4; lastKnownFileType = sourcecode.swift; path = LoginViewController.swift; sourceTree = "<group>"; };
		08292E9122F84F72005C054B /* FenceViewController.swift */ = {isa = PBXFileReference; fileEncoding = 4; lastKnownFileType = sourcecode.swift; path = FenceViewController.swift; sourceTree = "<group>"; };
		08292E9722F85441005C054B /* SwiftSocket.xcodeproj */ = {isa = PBXFileReference; lastKnownFileType = "wrapper.pb-project"; name = SwiftSocket.xcodeproj; path = "../../../../Downloads/SwiftSocket-master/SwiftSocket.xcodeproj"; sourceTree = "<group>"; };
		08292EAB22F86ED3005C054B /* PetLocationService.swift */ = {isa = PBXFileReference; lastKnownFileType = sourcecode.swift; path = PetLocationService.swift; sourceTree = "<group>"; };
/* End PBXFileReference section */

/* Begin PBXFrameworksBuildPhase section */
		08292E7522F84A0B005C054B /* Frameworks */ = {
			isa = PBXFrameworksBuildPhase;
			buildActionMask = 2147483647;
			files = (
				08292EA622F854A6005C054B /* SwiftSocket.framework in Frameworks */,
			);
			runOnlyForDeploymentPostprocessing = 0;
		};
/* End PBXFrameworksBuildPhase section */

/* Begin PBXGroup section */
		08292E6F22F84A0B005C054B = {
			isa = PBXGroup;
			children = (
				08292E7A22F84A0C005C054B /* PetAssistant */,
				08292E7922F84A0B005C054B /* Products */,
			);
			sourceTree = "<group>";
		};
		08292E7922F84A0B005C054B /* Products */ = {
			isa = PBXGroup;
			children = (
				08292E7822F84A0B005C054B /* PetAssistant.app */,
			);
			name = Products;
			sourceTree = "<group>";
		};
		08292E7A22F84A0C005C054B /* PetAssistant */ = {
			isa = PBXGroup;
			children = (
				08292E9722F85441005C054B /* SwiftSocket.xcodeproj */,
				08292E9122F84F72005C054B /* FenceViewController.swift */,
				08292E9022F84F72005C054B /* LoginViewController.swift */,
				08292E8D22F84F72005C054B /* PositionViewController.swift */,
				08292E8E22F84F72005C054B /* SportViewController.swift */,
				08292E8F22F84F72005C054B /* StaticMember.swift */,
				08292E7B22F84A0C005C054B /* AppDelegate.swift */,
				08292E7D22F84A0C005C054B /* ViewController.swift */,
				08292E7F22F84A0C005C054B /* Main.storyboard */,
				08292E8222F84A0D005C054B /* Assets.xcassets */,
				08292E8422F84A0D005C054B /* LaunchScreen.storyboard */,
				08292E8722F84A0D005C054B /* Info.plist */,
				08292EAB22F86ED3005C054B /* PetLocationService.swift */,
			);
			path = PetAssistant;
			sourceTree = "<group>";
		};
		08292E9822F85441005C054B /* Products */ = {
			isa = PBXGroup;
			children = (
				08292E9F22F85442005C054B /* SwiftSocket.framework */,
				08292EA122F85442005C054B /* SwiftSocket.framework */,
				08292EA322F85442005C054B /* SwiftSocket.framework */,
				08292EA522F85442005C054B /* iOS Example.app */,
			);
			name = Products;
			sourceTree = "<group>";
		};
/* End PBXGroup section */

/* Begin PBXNativeTarget section */
		08292E7722F84A0B005C054B /* PetAssistant */ = {
			isa = PBXNativeTarget;
			buildConfigurationList = 08292E8A22F84A0D005C054B /* Build configuration list for PBXNativeTarget "PetAssistant" */;
			buildPhases = (
				08292E7422F84A0B005C054B /* Sources */,
				08292E7522F84A0B005C054B /* Frameworks */,
				08292E7622F84A0B005C054B /* Resources */,
				08292EAA22F854A6005C054B /* Embed Frameworks */,
			);
			buildRules = (
			);
			dependencies = (
				08292EA922F854A6005C054B /* PBXTargetDependency */,
			);
			name = PetAssistant;
			productName = PetAssistant;
			productReference = 08292E7822F84A0B005C054B /* PetAssistant.app */;
			productType = "com.apple.product-type.application";
		};
/* End PBXNativeTarget section */

/* Begin PBXProject section */
		08292E7022F84A0B005C054B /* Project object */ = {
			isa = PBXProject;
			attributes = {
				LastSwiftUpdateCheck = 1030;
				LastUpgradeCheck = 1030;
				ORGANIZATIONNAME = pengxl;
				TargetAttributes = {
					08292E7722F84A0B005C054B = {
						CreatedOnToolsVersion = 10.3;
					};
				};
			};
			buildConfigurationList = 08292E7322F84A0B005C054B /* Build configuration list for PBXProject "PetAssistant" */;
			compatibilityVersion = "Xcode 9.3";
			developmentRegion = en;
			hasScannedForEncodings = 0;
			knownRegions = (
				en,
				Base,
			);
			mainGroup = 08292E6F22F84A0B005C054B;
			productRefGroup = 08292E7922F84A0B005C054B /* Products */;
			projectDirPath = "";
			projectReferences = (
				{
					ProductGroup = 08292E9822F85441005C054B /* Products */;
					ProjectRef = 08292E9722F85441005C054B /* SwiftSocket.xcodeproj */;
				},
			);
			projectRoot = "";
			targets = (
				08292E7722F84A0B005C054B /* PetAssistant */,
			);
		};
/* End PBXProject section */

/* Begin PBXReferenceProxy section */
		08292E9F22F85442005C054B /* SwiftSocket.framework */ = {
			isa = PBXReferenceProxy;
			fileType = wrapper.framework;
			path = SwiftSocket.framework;
			remoteRef = 08292E9E22F85442005C054B /* PBXContainerItemProxy */;
			sourceTree = BUILT_PRODUCTS_DIR;
		};
		08292EA122F85442005C054B /* SwiftSocket.framework */ = {
			isa = PBXReferenceProxy;
			fileType = wrapper.framework;
			path = SwiftSocket.framework;
			remoteRef = 08292EA022F85442005C054B /* PBXContainerItemProxy */;
			sourceTree = BUILT_PRODUCTS_DIR;
		};
		08292EA322F85442005C054B /* SwiftSocket.framework */ = {
			isa = PBXReferenceProxy;
			fileType = wrapper.framework;
			path = SwiftSocket.framework;
			remoteRef = 08292EA222F85442005C054B /* PBXContainerItemProxy */;
			sourceTree = BUILT_PRODUCTS_DIR;
		};
		08292EA522F85442005C054B /* iOS Example.app */ = {
			isa = PBXReferenceProxy;
			fileType = wrapper.application;
			path = "iOS Example.app";
			remoteRef = 08292EA422F85442005C054B /* PBXContainerItemProxy */;
			sourceTree = BUILT_PRODUCTS_DIR;
		};
/* End PBXReferenceProxy section */

/* Begin PBXResourcesBuildPhase section */
		08292E7622F84A0B005C054B /* Resources */ = {
			isa = PBXResourcesBuildPhase;
			buildActionMask = 2147483647;
			files = (
				08292E8622F84A0D005C054B /* LaunchScreen.storyboard in Resources */,
				08292E8322F84A0D005C054B /* Assets.xcassets in Resources */,
				08292E8122F84A0C005C054B /* Main.storyboard in Resources */,
			);
			runOnlyForDeploymentPostprocessing = 0;
		};
/* End PBXResourcesBuildPhase section */

/* Begin PBXSourcesBuildPhase section */
		08292E7422F84A0B005C054B /* Sources */ = {
			isa = PBXSourcesBuildPhase;
			buildActionMask = 2147483647;
			files = (
				08292E9522F84F72005C054B /* LoginViewController.swift in Sources */,
				08292E9622F84F72005C054B /* FenceViewController.swift in Sources */,
				08292E9422F84F72005C054B /* StaticMember.swift in Sources */,
				08292E9222F84F72005C054B /* PositionViewController.swift in Sources */,
				08292E7E22F84A0C005C054B /* ViewController.swift in Sources */,
				08292E7C22F84A0C005C054B /* AppDelegate.swift in Sources */,
				08292EAC22F86ED3005C054B /* PetLocationService.swift in Sources */,
				08292E9322F84F72005C054B /* SportViewController.swift in Sources */,
			);
			runOnlyForDeploymentPostprocessing = 0;
		};
/* End PBXSourcesBuildPhase section */

/* Begin PBXTargetDependency section */
		08292EA922F854A6005C054B /* PBXTargetDependency */ = {
			isa = PBXTargetDependency;
			name = "SwiftSocket iOS";
			targetProxy = 08292EA822F854A6005C054B /* PBXContainerItemProxy */;
		};
/* End PBXTargetDependency section */

/* Begin PBXVariantGroup section */
		08292E7F22F84A0C005C054B /* Main.storyboard */ = {
			isa = PBXVariantGroup;
			children = (
				08292E8022F84A0C005C054B /* Base */,
			);
			name = Main.storyboard;
			sourceTree = "<group>";
		};
		08292E8422F84A0D005C054B /* LaunchScreen.storyboard */ = {
			isa = PBXVariantGroup;
			children = (
				08292E8522F84A0D005C054B /* Base */,
			);
			name = LaunchScreen.storyboard;
			sourceTree = "<group>";
		};
/* End PBXVariantGroup section */

/* Begin XCBuildConfiguration section */
		08292E8822F84A0D005C054B /* Debug */ = {
			isa = XCBuildConfiguration;
			buildSettings = {
				ALWAYS_SEARCH_USER_PATHS = NO;
				CLANG_ANALYZER_NONNULL = YES;
				CLANG_ANALYZER_NUMBER_OBJECT_CONVERSION = YES_AGGRESSIVE;
				CLANG_CXX_LANGUAGE_STANDARD = "gnu++14";
				CLANG_CXX_LIBRARY = "libc++";
				CLANG_ENABLE_MODULES = YES;
				CLANG_ENABLE_OBJC_ARC = YES;
				CLANG_ENABLE_OBJC_WEAK = YES;
				CLANG_WARN_BLOCK_CAPTURE_AUTORELEASING = YES;
				CLANG_WARN_BOOL_CONVERSION = YES;
				CLANG_WARN_COMMA = YES;
				CLANG_WARN_CONSTANT_CONVERSION = YES;
				CLANG_WARN_DEPRECATED_OBJC_IMPLEMENTATIONS = YES;
				CLANG_WARN_DIRECT_OBJC_ISA_USAGE = YES_ERROR;
				CLANG_WARN_DOCUMENTATION_COMMENTS = YES;
				CLANG_WARN_EMPTY_BODY = YES;
				CLANG_WARN_ENUM_CONVERSION = YES;
				CLANG_WARN_INFINITE_RECURSION = YES;
				CLANG_WARN_INT_CONVERSION = YES;
				CLANG_WARN_NON_LITERAL_NULL_CONVERSION = YES;
				CLANG_WARN_OBJC_IMPLICIT_RETAIN_SELF = YES;
				CLANG_WARN_OBJC_LITERAL_CONVERSION = YES;
				CLANG_WARN_OBJC_ROOT_CLASS = YES_ERROR;
				CLANG_WARN_RANGE_LOOP_ANALYSIS = YES;
				CLANG_WARN_STRICT_PROTOTYPES = YES;
				CLANG_WARN_SUSPICIOUS_MOVE = YES;
				CLANG_WARN_UNGUARDED_AVAILABILITY = YES_AGGRESSIVE;
				CLANG_WARN_UNREACHABLE_CODE = YES;
				CLANG_WARN__DUPLICATE_METHOD_MATCH = YES;
				CODE_SIGN_IDENTITY = "iPhone Developer";
				COPY_PHASE_STRIP = NO;
				DEBUG_INFORMATION_FORMAT = dwarf;
				ENABLE_STRICT_OBJC_MSGSEND = YES;
				ENABLE_TESTABILITY = YES;
				GCC_C_LANGUAGE_STANDARD = gnu11;
				GCC_DYNAMIC_NO_PIC = NO;
				GCC_NO_COMMON_BLOCKS = YES;
				GCC_OPTIMIZATION_LEVEL = 0;
				GCC_PREPROCESSOR_DEFINITIONS = (
					"DEBUG=1",
					"$(inherited)",
				);
				GCC_WARN_64_TO_32_BIT_CONVERSION = YES;
				GCC_WARN_ABOUT_RETURN_TYPE = YES_ERROR;
				GCC_WARN_UNDECLARED_SELECTOR = YES;
				GCC_WARN_UNINITIALIZED_AUTOS = YES_AGGRESSIVE;
				GCC_WARN_UNUSED_FUNCTION = YES;
				GCC_WARN_UNUSED_VARIABLE = YES;
				IPHONEOS_DEPLOYMENT_TARGET = 12.4;
				MTL_ENABLE_DEBUG_INFO = INCLUDE_SOURCE;
				MTL_FAST_MATH = YES;
				ONLY_ACTIVE_ARCH = YES;
				SDKROOT = iphoneos;
				SWIFT_ACTIVE_COMPILATION_CONDITIONS = DEBUG;
				SWIFT_OPTIMIZATION_LEVEL = "-Onone";
			};
			name = Debug;
		};
		08292E8922F84A0D005C054B /* Release */ = {
			isa = XCBuildConfiguration;
			buildSettings = {
				ALWAYS_SEARCH_USER_PATHS = NO;
				CLANG_ANALYZER_NONNULL = YES;
				CLANG_ANALYZER_NUMBER_OBJECT_CONVERSION = YES_AGGRESSIVE;
				CLANG_CXX_LANGUAGE_STANDARD = "gnu++14";
				CLANG_CXX_LIBRARY = "libc++";
				CLANG_ENABLE_MODULES = YES;
				CLANG_ENABLE_OBJC_ARC = YES;
				CLANG_ENABLE_OBJC_WEAK = YES;
				CLANG_WARN_BLOCK_CAPTURE_AUTORELEASING = YES;
				CLANG_WARN_BOOL_CONVERSION = YES;
				CLANG_WARN_COMMA = YES;
				CLANG_WARN_CONSTANT_CONVERSION = YES;
				CLANG_WARN_DEPRECATED_OBJC_IMPLEMENTATIONS = YES;
				CLANG_WARN_DIRECT_OBJC_ISA_USAGE = YES_ERROR;
				CLANG_WARN_DOCUMENTATION_COMMENTS = YES;
				CLANG_WARN_EMPTY_BODY = YES;
				CLANG_WARN_ENUM_CONVERSION = YES;
				CLANG_WARN_INFINITE_RECURSION = YES;
				CLANG_WARN_INT_CONVERSION = YES;
				CLANG_WARN_NON_LITERAL_NULL_CONVERSION = YES;
				CLANG_WARN_OBJC_IMPLICIT_RETAIN_SELF = YES;
				CLANG_WARN_OBJC_LITERAL_CONVERSION = YES;
				CLANG_WARN_OBJC_ROOT_CLASS = YES_ERROR;
				CLANG_WARN_RANGE_LOOP_ANALYSIS = YES;
				CLANG_WARN_STRICT_PROTOTYPES = YES;
				CLANG_WARN_SUSPICIOUS_MOVE = YES;
				CLANG_WARN_UNGUARDED_AVAILABILITY = YES_AGGRESSIVE;
				CLANG_WARN_UNREACHABLE_CODE = YES;
				CLANG_WARN__DUPLICATE_METHOD_MATCH = YES;
				CODE_SIGN_IDENTITY = "iPhone Developer";
				COPY_PHASE_STRIP = NO;
				DEBUG_INFORMATION_FORMAT = "dwarf-with-dsym";
				ENABLE_NS_ASSERTIONS = NO;
				ENABLE_STRICT_OBJC_MSGSEND = YES;
				GCC_C_LANGUAGE_STANDARD = gnu11;
				GCC_NO_COMMON_BLOCKS = YES;
				GCC_WARN_64_TO_32_BIT_CONVERSION = YES;
				GCC_WARN_ABOUT_RETURN_TYPE = YES_ERROR;
				GCC_WARN_UNDECLARED_SELECTOR = YES;
				GCC_WARN_UNINITIALIZED_AUTOS = YES_AGGRESSIVE;
				GCC_WARN_UNUSED_FUNCTION = YES;
				GCC_WARN_UNUSED_VARIABLE = YES;
				IPHONEOS_DEPLOYMENT_TARGET = 12.4;
				MTL_ENABLE_DEBUG_INFO = NO;
				MTL_FAST_MATH = YES;
				SDKROOT = iphoneos;
				SWIFT_COMPILATION_MODE = wholemodule;
				SWIFT_OPTIMIZATION_LEVEL = "-O";
				VALIDATE_PRODUCT = YES;
			};
			name = Release;
		};
		08292E8B22F84A0D005C054B /* Debug */ = {
			isa = XCBuildConfiguration;
			buildSettings = {
				ALWAYS_EMBED_SWIFT_STANDARD_LIBRARIES = YES;
				ASSETCATALOG_COMPILER_APPICON_NAME = AppIcon;
				CODE_SIGN_STYLE = Automatic;
				DEVELOPMENT_TEAM = X3RA3L9X9T;
				INFOPLIST_FILE = PetAssistant/Info.plist;
				IPHONEOS_DEPLOYMENT_TARGET = 12.3;
				LD_RUNPATH_SEARCH_PATHS = (
					"$(inherited)",
					"@executable_path/Frameworks",
				);
				PRODUCT_BUNDLE_IDENTIFIER = cn.edu.jlu.ccst.pengxl.PetAssistant;
				PRODUCT_NAME = "$(TARGET_NAME)";
				SWIFT_VERSION = 5.0;
				TARGETED_DEVICE_FAMILY = 1;
			};
			name = Debug;
		};
		08292E8C22F84A0D005C054B /* Release */ = {
			isa = XCBuildConfiguration;
			buildSettings = {
				ALWAYS_EMBED_SWIFT_STANDARD_LIBRARIES = YES;
				ASSETCATALOG_COMPILER_APPICON_NAME = AppIcon;
				CODE_SIGN_STYLE = Automatic;
				DEVELOPMENT_TEAM = X3RA3L9X9T;
				INFOPLIST_FILE = PetAssistant/Info.plist;
				IPHONEOS_DEPLOYMENT_TARGET = 12.3;
				LD_RUNPATH_SEARCH_PATHS = (
					"$(inherited)",
					"@executable_path/Frameworks",
				);
				PRODUCT_BUNDLE_IDENTIFIER = cn.edu.jlu.ccst.pengxl.PetAssistant;
				PRODUCT_NAME = "$(TARGET_NAME)";
				SWIFT_VERSION = 5.0;
				TARGETED_DEVICE_FAMILY = 1;
			};
			name = Release;
		};
/* End XCBuildConfiguration section */

/* Begin XCConfigurationList section */
		08292E7322F84A0B005C054B /* Build configuration list for PBXProject "PetAssistant" */ = {
			isa = XCConfigurationList;
			buildConfigurations = (
				08292E8822F84A0D005C054B /* Debug */,
				08292E8922F84A0D005C054B /* Release */,
			);
			defaultConfigurationIsVisible = 0;
			defaultConfigurationName = Release;
		};
		08292E8A22F84A0D005C054B /* Build configuration list for PBXNativeTarget "PetAssistant" */ = {
			isa = XCConfigurationList;
			buildConfigurations = (
				08292E8B22F84A0D005C054B /* Debug */,
				08292E8C22F84A0D005C054B /* Release */,
			);
			defaultConfigurationIsVisible = 0;
			defaultConfigurationName = Release;
		};
/* End XCConfigurationList section */
	};
	rootObject = 08292E7022F84A0B005C054B /* Project object */;
}
